
Microsoft Visual Studio Solution File, Format Version 12.00
# Visual Studio Version 17
VisualStudioVersion = 17.13.35913.81 d17.13
MinimumVisualStudioVersion = 10.0.40219.1
Project("{FAE04EC0-301F-11D3-BF4B-00C04F79EFBC}") = "orm_omp", "orm_omp\orm_omp.csproj", "{7E308C05-5965-48A1-A73E-D6BE2CD43A3C}"
EndProject
Global
	GlobalSection(SolutionConfigurationPlatforms) = preSolution
		Debug|Any CPU = Debug|Any CPU
		Release|Any CPU = Release|Any CPU
	EndGlobalSection
	GlobalSection(ProjectConfigurationPlatforms) = postSolution
		{7E308C05-5965-48A1-A73E-D6BE2CD43A3C}.Debug|Any CPU.ActiveCfg = Debug|Any CPU
		{7E308C05-5965-48A1-A73E-D6BE2CD43A3C}.Debug|Any CPU.Build.0 = Debug|Any CPU
		{7E308C05-5965-48A1-A73E-D6BE2CD43A3C}.Release|Any CPU.ActiveCfg = Release|Any CPU
		{7E308C05-5965-48A1-A73E-D6BE2CD43A3C}.Release|Any CPU.Build.0 = Release|Any CPU
	EndGlobalSection
	GlobalSection(SolutionProperties) = preSolution
		HideSolutionNode = FALSE
	EndGlobalSection
	GlobalSection(ExtensibilityGlobals) = postSolution
		SolutionGuid = {9670A6F2-3051-4CF3-BBF7-BA52BE2D95E7}
	EndGlobalSection
EndGlobal
